{
    "_meta": {
        "hash": {
            "sha256": "e17972c2c7f8187736443cce0ecfa66343449c837f77edf627bbcaaa8eb34d2d"
        },
        "pipfile-spec": 6,
        "requires": {
            "python_version": "3"
        },
        "sources": [
            {
                "name": "pypi",
                "url": "https://pypi.org/simple",
                "verify_ssl": true
            }
        ]
    },
    "default": {
        "asgiref": {
            "hashes": [
                "sha256:3e1e3ecc849832fe52ccf2cb6686b7a55f82bb1d6aee72a58826471390335e47",
                "sha256:c343bd80a0bec947a9860adb4c432ffa7db769836c64238fc34bdc3fec84d590"
            ],
            "markers": "python_version >= '3.8'",
            "version": "==3.8.1"
        },
        "attrs": {
            "hashes": [
                "sha256:5cfb1b9148b5b086569baec03f20d7b6bf3bcacc9a42bebf87ffaaca362f6346",
                "sha256:81921eb96de3191c8258c199618104dd27ac608d9366f5e35d011eae1867ede2"
            ],
            "markers": "python_version >= '3.7'",
            "version": "==24.2.0"
        },
        "crispy-bootstrap5": {
            "hashes": [
                "sha256:55b442fe675dd95ad280123c7fe464f454186e90b8e5642e751f436c87627c44",
                "sha256:59e91dac5e45a8c954af3fbcaa6804cd5aef4402f027af2f99a352b096c4016f"
            ],
            "index": "pypi",
            "markers": "python_version >= '3.8'",
            "version": "==2024.10"
        },
        "django": {
            "hashes": [
                "sha256:8b38a9a12da3ae00cb0ba72da985ec4b14de6345046b1e174b1fd7254398f818",
                "sha256:c0fa0e619c39325a169208caef234f90baa925227032ad3f44842ba14d75234a"
            ],
            "index": "pypi",
            "markers": "python_version >= '3.10'",
            "version": "==5.1.3"
        },
        "django-crispy-forms": {
            "hashes": [
                "sha256:2db17ae08527201be1273f0df789e5f92819e23dd28fec69cffba7f3762e1a38",
                "sha256:efc4c31e5202bbec6af70d383a35e12fc80ea769d464fb0e7fe21768bb138a20"
            ],
            "index": "pypi",
            "markers": "python_version >= '3.8'",
            "version": "==2.3"
        },
        "djangorestframework": {
            "hashes": [
                "sha256:2b8871b062ba1aefc2de01f773875441a961fefbf79f5eed1e32b2f096944b20",
                "sha256:36fe88cd2d6c6bec23dca9804bab2ba5517a8bb9d8f47ebc68981b56840107ad"
            ],
            "index": "pypi",
            "markers": "python_version >= '3.8'",
            "version": "==3.15.2"
        },
        "drf-spectacular": {
            "hashes": [
                "sha256:2c778a47a40ab2f5078a7c42e82baba07397bb35b074ae4680721b2805943061",
                "sha256:856e7edf1056e49a4245e87a61e8da4baff46c83dbc25be1da2df77f354c7cb4"
            ],
            "index": "pypi",
            "markers": "python_version >= '3.7'",
            "version": "==0.28.0"
        },
        "inflection": {
            "hashes": [
                "sha256:1a29730d366e996aaacffb2f1f1cb9593dc38e2ddd30c91250c6dde09ea9b417",
                "sha256:f38b2b640938a4f35ade69ac3d053042959b62a0f1076a5bbaa1b9526605a8a2"
            ],
            "markers": "python_version >= '3.5'",
            "version": "==0.5.1"
        },
        "jsonschema": {
            "hashes": [
                "sha256:d71497fef26351a33265337fa77ffeb82423f3ea21283cd9467bb03999266bc4",
                "sha256:fbadb6f8b144a8f8cf9f0b89ba94501d143e50411a1278633f56a7acf7fd5566"
            ],
            "markers": "python_version >= '3.8'",
            "version": "==4.23.0"
        },
        "jsonschema-specifications": {
            "hashes": [
                "sha256:0f38b83639958ce1152d02a7f062902c41c8fd20d558b0c34344292d417ae272",
                "sha256:a09a0680616357d9a0ecf05c12ad234479f549239d0f5b55f3deea67475da9bf"
            ],
            "markers": "python_version >= '3.9'",
            "version": "==2024.10.1"
        },
        "pillow": {
            "hashes": [
                "sha256:00177a63030d612148e659b55ba99527803288cea7c75fb05766ab7981a8c1b7",
                "sha256:006bcdd307cc47ba43e924099a038cbf9591062e6c50e570819743f5607404f5",
                "sha256:084a07ef0821cfe4858fe86652fffac8e187b6ae677e9906e192aafcc1b69903",
                "sha256:0ae08bd8ffc41aebf578c2af2f9d8749d91f448b3bfd41d7d9ff573d74f2a6b2",
                "sha256:0e038b0745997c7dcaae350d35859c9715c71e92ffb7e0f4a8e8a16732150f38",
                "sha256:1187739620f2b365de756ce086fdb3604573337cc28a0d3ac4a01ab6b2d2a6d2",
                "sha256:16095692a253047fe3ec028e951fa4221a1f3ed3d80c397e83541a3037ff67c9",
                "sha256:1a61b54f87ab5786b8479f81c4b11f4d61702830354520837f8cc791ebba0f5f",
                "sha256:1c1d72714f429a521d8d2d018badc42414c3077eb187a59579f28e4270b4b0fc",
                "sha256:1e2688958a840c822279fda0086fec1fdab2f95bf2b717b66871c4ad9859d7e8",
                "sha256:20ec184af98a121fb2da42642dea8a29ec80fc3efbaefb86d8fdd2606619045d",
                "sha256:21a0d3b115009ebb8ac3d2ebec5c2982cc693da935f4ab7bb5c8ebe2f47d36f2",
                "sha256:224aaa38177597bb179f3ec87eeefcce8e4f85e608025e9cfac60de237ba6316",
                "sha256:2679d2258b7f1192b378e2893a8a0a0ca472234d4c2c0e6bdd3380e8dfa21b6a",
                "sha256:27a7860107500d813fcd203b4ea19b04babe79448268403172782754870dac25",
                "sha256:290f2cc809f9da7d6d622550bbf4c1e57518212da51b6a30fe8e0a270a5b78bd",
                "sha256:2e46773dc9f35a1dd28bd6981332fd7f27bec001a918a72a79b4133cf5291dba",
                "sha256:3107c66e43bda25359d5ef446f59c497de2b5ed4c7fdba0894f8d6cf3822dafc",
                "sha256:375b8dd15a1f5d2feafff536d47e22f69625c1aa92f12b339ec0b2ca40263273",
                "sha256:45c566eb10b8967d71bf1ab8e4a525e5a93519e29ea071459ce517f6b903d7fa",
                "sha256:499c3a1b0d6fc8213519e193796eb1a86a1be4b1877d678b30f83fd979811d1a",
                "sha256:4ad70c4214f67d7466bea6a08061eba35c01b1b89eaa098040a35272a8efb22b",
                "sha256:4b60c9520f7207aaf2e1d94de026682fc227806c6e1f55bba7606d1c94dd623a",
                "sha256:5178952973e588b3f1360868847334e9e3bf49d19e169bbbdfaf8398002419ae",
                "sha256:52a2d8323a465f84faaba5236567d212c3668f2ab53e1c74c15583cf507a0291",
                "sha256:598b4e238f13276e0008299bd2482003f48158e2b11826862b1eb2ad7c768b97",
                "sha256:5bd2d3bdb846d757055910f0a59792d33b555800813c3b39ada1829c372ccb06",
                "sha256:5c39ed17edea3bc69c743a8dd3e9853b7509625c2462532e62baa0732163a904",
                "sha256:5d203af30149ae339ad1b4f710d9844ed8796e97fda23ffbc4cc472968a47d0b",
                "sha256:5ddbfd761ee00c12ee1be86c9c0683ecf5bb14c9772ddbd782085779a63dd55b",
                "sha256:607bbe123c74e272e381a8d1957083a9463401f7bd01287f50521ecb05a313f8",
                "sha256:61b887f9ddba63ddf62fd02a3ba7add935d053b6dd7d58998c630e6dbade8527",
                "sha256:6619654954dc4936fcff82db8eb6401d3159ec6be81e33c6000dfd76ae189947",
                "sha256:674629ff60030d144b7bca2b8330225a9b11c482ed408813924619c6f302fdbb",
                "sha256:6ec0d5af64f2e3d64a165f490d96368bb5dea8b8f9ad04487f9ab60dc4bb6003",
                "sha256:6f4dba50cfa56f910241eb7f883c20f1e7b1d8f7d91c750cd0b318bad443f4d5",
                "sha256:70fbbdacd1d271b77b7721fe3cdd2d537bbbd75d29e6300c672ec6bb38d9672f",
                "sha256:72bacbaf24ac003fea9bff9837d1eedb6088758d41e100c1552930151f677739",
                "sha256:7326a1787e3c7b0429659e0a944725e1b03eeaa10edd945a86dead1913383944",
                "sha256:73853108f56df97baf2bb8b522f3578221e56f646ba345a372c78326710d3830",
                "sha256:73e3a0200cdda995c7e43dd47436c1548f87a30bb27fb871f352a22ab8dcf45f",
                "sha256:75acbbeb05b86bc53cbe7b7e6fe00fbcf82ad7c684b3ad82e3d711da9ba287d3",
                "sha256:8069c5179902dcdce0be9bfc8235347fdbac249d23bd90514b7a47a72d9fecf4",
                "sha256:846e193e103b41e984ac921b335df59195356ce3f71dcfd155aa79c603873b84",
                "sha256:8594f42df584e5b4bb9281799698403f7af489fba84c34d53d1c4bfb71b7c4e7",
                "sha256:86510e3f5eca0ab87429dd77fafc04693195eec7fd6a137c389c3eeb4cfb77c6",
                "sha256:8853a3bf12afddfdf15f57c4b02d7ded92c7a75a5d7331d19f4f9572a89c17e6",
                "sha256:88a58d8ac0cc0e7f3a014509f0455248a76629ca9b604eca7dc5927cc593c5e9",
                "sha256:8ba470552b48e5835f1d23ecb936bb7f71d206f9dfeee64245f30c3270b994de",
                "sha256:8c676b587da5673d3c75bd67dd2a8cdfeb282ca38a30f37950511766b26858c4",
                "sha256:8ec4a89295cd6cd4d1058a5e6aec6bf51e0eaaf9714774e1bfac7cfc9051db47",
                "sha256:94f3e1780abb45062287b4614a5bc0874519c86a777d4a7ad34978e86428b8dd",
                "sha256:9a0f748eaa434a41fccf8e1ee7a3eed68af1b690e75328fd7a60af123c193b50",
                "sha256:a5629742881bcbc1f42e840af185fd4d83a5edeb96475a575f4da50d6ede337c",
                "sha256:a65149d8ada1055029fcb665452b2814fe7d7082fcb0c5bed6db851cb69b2086",
                "sha256:b3c5ac4bed7519088103d9450a1107f76308ecf91d6dabc8a33a2fcfb18d0fba",
                "sha256:b4fd7bd29610a83a8c9b564d457cf5bd92b4e11e79a4ee4716a63c959699b306",
                "sha256:bcd1fb5bb7b07f64c15618c89efcc2cfa3e95f0e3bcdbaf4642509de1942a699",
                "sha256:c12b5ae868897c7338519c03049a806af85b9b8c237b7d675b8c5e089e4a618e",
                "sha256:c26845094b1af3c91852745ae78e3ea47abf3dbcd1cf962f16b9a5fbe3ee8488",
                "sha256:c6a660307ca9d4867caa8d9ca2c2658ab685de83792d1876274991adec7b93fa",
                "sha256:c809a70e43c7977c4a42aefd62f0131823ebf7dd73556fa5d5950f5b354087e2",
                "sha256:c8b2351c85d855293a299038e1f89db92a2f35e8d2f783489c6f0b2b5f3fe8a3",
                "sha256:cb929ca942d0ec4fac404cbf520ee6cac37bf35be479b970c4ffadf2b6a1cad9",
                "sha256:d2c0a187a92a1cb5ef2c8ed5412dd8d4334272617f532d4ad4de31e0495bd923",
                "sha256:d69bfd8ec3219ae71bcde1f942b728903cad25fafe3100ba2258b973bd2bc1b2",
                "sha256:daffdf51ee5db69a82dd127eabecce20729e21f7a3680cf7cbb23f0829189790",
                "sha256:e58876c91f97b0952eb766123bfef372792ab3f4e3e1f1a2267834c2ab131734",
                "sha256:eda2616eb2313cbb3eebbe51f19362eb434b18e3bb599466a1ffa76a033fb916",
                "sha256:ee217c198f2e41f184f3869f3e485557296d505b5195c513b2bfe0062dc537f1",
                "sha256:f02541ef64077f22bf4924f225c0fd1248c168f86e4b7abdedd87d6ebaceab0f",
                "sha256:f1b82c27e89fffc6da125d5eb0ca6e68017faf5efc078128cfaa42cf5cb38798",
                "sha256:fba162b8872d30fea8c52b258a542c5dfd7b235fb5cb352240c8d63b414013eb",
                "sha256:fbbcb7b57dc9c794843e3d1258c0fbf0f48656d46ffe9e09b63bbd6e8cd5d0a2",
                "sha256:fcb4621042ac4b7865c179bb972ed0da0218a076dc1820ffc48b1d74c1e37fe9"
            ],
            "index": "pypi",
            "markers": "python_version >= '3.9'",
            "version": "==11.0.0"
        },
        "pyyaml": {
            "hashes": [
                "sha256:01179a4a8559ab5de078078f37e5c1a30d76bb88519906844fd7bdea1b7729ff",
                "sha256:0833f8694549e586547b576dcfaba4a6b55b9e96098b36cdc7ebefe667dfed48",
                "sha256:0a9a2848a5b7feac301353437eb7d5957887edbf81d56e903999a75a3d743086",
                "sha256:0b69e4ce7a131fe56b7e4d770c67429700908fc0752af059838b1cfb41960e4e",
                "sha256:0ffe8360bab4910ef1b9e87fb812d8bc0a308b0d0eef8c8f44e0254ab3b07133",
                "sha256:11d8f3dd2b9c1207dcaf2ee0bbbfd5991f571186ec9cc78427ba5bd32afae4b5",
                "sha256:17e311b6c678207928d649faa7cb0d7b4c26a0ba73d41e99c4fff6b6c3276484",
                "sha256:1e2120ef853f59c7419231f3bf4e7021f1b936f6ebd222406c3b60212205d2ee",
                "sha256:1f71ea527786de97d1a0cc0eacd1defc0985dcf6b3f17bb77dcfc8c34bec4dc5",
                "sha256:23502f431948090f597378482b4812b0caae32c22213aecf3b55325e049a6c68",
                "sha256:24471b829b3bf607e04e88d79542a9d48bb037c2267d7927a874e6c205ca7e9a",
                "sha256:29717114e51c84ddfba879543fb232a6ed60086602313ca38cce623c1d62cfbf",
                "sha256:2e99c6826ffa974fe6e27cdb5ed0021786b03fc98e5ee3c5bfe1fd5015f42b99",
                "sha256:39693e1f8320ae4f43943590b49779ffb98acb81f788220ea932a6b6c51004d8",
                "sha256:3ad2a3decf9aaba3d29c8f537ac4b243e36bef957511b4766cb0057d32b0be85",
                "sha256:3b1fdb9dc17f5a7677423d508ab4f243a726dea51fa5e70992e59a7411c89d19",
                "sha256:41e4e3953a79407c794916fa277a82531dd93aad34e29c2a514c2c0c5fe971cc",
                "sha256:43fa96a3ca0d6b1812e01ced1044a003533c47f6ee8aca31724f78e93ccc089a",
                "sha256:50187695423ffe49e2deacb8cd10510bc361faac997de9efef88badc3bb9e2d1",
                "sha256:5ac9328ec4831237bec75defaf839f7d4564be1e6b25ac710bd1a96321cc8317",
                "sha256:5d225db5a45f21e78dd9358e58a98702a0302f2659a3c6cd320564b75b86f47c",
                "sha256:6395c297d42274772abc367baaa79683958044e5d3835486c16da75d2a694631",
                "sha256:688ba32a1cffef67fd2e9398a2efebaea461578b0923624778664cc1c914db5d",
                "sha256:68ccc6023a3400877818152ad9a1033e3db8625d899c72eacb5a668902e4d652",
                "sha256:70b189594dbe54f75ab3a1acec5f1e3faa7e8cf2f1e08d9b561cb41b845f69d5",
                "sha256:797b4f722ffa07cc8d62053e4cff1486fa6dc094105d13fea7b1de7d8bf71c9e",
                "sha256:7c36280e6fb8385e520936c3cb3b8042851904eba0e58d277dca80a5cfed590b",
                "sha256:7e7401d0de89a9a855c839bc697c079a4af81cf878373abd7dc625847d25cbd8",
                "sha256:80bab7bfc629882493af4aa31a4cfa43a4c57c83813253626916b8c7ada83476",
                "sha256:82d09873e40955485746739bcb8b4586983670466c23382c19cffecbf1fd8706",
                "sha256:8388ee1976c416731879ac16da0aff3f63b286ffdd57cdeb95f3f2e085687563",
                "sha256:8824b5a04a04a047e72eea5cec3bc266db09e35de6bdfe34c9436ac5ee27d237",
                "sha256:8b9c7197f7cb2738065c481a0461e50ad02f18c78cd75775628afb4d7137fb3b",
                "sha256:9056c1ecd25795207ad294bcf39f2db3d845767be0ea6e6a34d856f006006083",
                "sha256:936d68689298c36b53b29f23c6dbb74de12b4ac12ca6cfe0e047bedceea56180",
                "sha256:9b22676e8097e9e22e36d6b7bda33190d0d400f345f23d4065d48f4ca7ae0425",
                "sha256:a4d3091415f010369ae4ed1fc6b79def9416358877534caf6a0fdd2146c87a3e",
                "sha256:a8786accb172bd8afb8be14490a16625cbc387036876ab6ba70912730faf8e1f",
                "sha256:a9f8c2e67970f13b16084e04f134610fd1d374bf477b17ec1599185cf611d725",
                "sha256:bc2fa7c6b47d6bc618dd7fb02ef6fdedb1090ec036abab80d4681424b84c1183",
                "sha256:c70c95198c015b85feafc136515252a261a84561b7b1d51e3384e0655ddf25ab",
                "sha256:cc1c1159b3d456576af7a3e4d1ba7e6924cb39de8f67111c735f6fc832082774",
                "sha256:ce826d6ef20b1bc864f0a68340c8b3287705cae2f8b4b1d932177dcc76721725",
                "sha256:d584d9ec91ad65861cc08d42e834324ef890a082e591037abe114850ff7bbc3e",
                "sha256:d7fded462629cfa4b685c5416b949ebad6cec74af5e2d42905d41e257e0869f5",
                "sha256:d84a1718ee396f54f3a086ea0a66d8e552b2ab2017ef8b420e92edbc841c352d",
                "sha256:d8e03406cac8513435335dbab54c0d385e4a49e4945d2909a581c83647ca0290",
                "sha256:e10ce637b18caea04431ce14fabcf5c64a1c61ec9c56b071a4b7ca131ca52d44",
                "sha256:ec031d5d2feb36d1d1a24380e4db6d43695f3748343d99434e6f5f9156aaa2ed",
                "sha256:ef6107725bd54b262d6dedcc2af448a266975032bc85ef0172c5f059da6325b4",
                "sha256:efdca5630322a10774e8e98e1af481aad470dd62c3170801852d752aa7a783ba",
                "sha256:f753120cb8181e736c57ef7636e83f31b9c0d1722c516f7e86cf15b7aa57ff12",
                "sha256:ff3824dc5261f50c9b0dfb3be22b4567a6f938ccce4587b38952d85fd9e9afe4"
            ],
            "markers": "python_version >= '3.8'",
            "version": "==6.0.2"
        },
        "referencing": {
            "hashes": [
                "sha256:25b42124a6c8b632a425174f24087783efb348a6f1e0008e63cd4466fedf703c",
                "sha256:eda6d3234d62814d1c64e305c1331c9a3a6132da475ab6382eaa997b21ee75de"
            ],
            "markers": "python_version >= '3.8'",
            "version": "==0.35.1"
        },
        "rpds-py": {
            "hashes": [
                "sha256:0545928bdf53dfdfcab284468212efefb8a6608ca3b6910c7fb2e5ed8bdc2dc0",
                "sha256:05fdeae9010533e47715c37df83264df0122584e40d691d50cf3607c060952a3",
                "sha256:09a1f000c5f6e08b298275bae00921e9fbbf2a35dae0a86db2821c058c2201a9",
                "sha256:0a53592cdf98cec3dfcdb24ffec8a4797e7656b65700099af43ec7df023b6de4",
                "sha256:0f057a0c546c42964836b209d8de9ea1a4f4b0432006c6343cbe633d8ca14571",
                "sha256:0f9eb37d3a60b262a98ab51ee899cac039de9ca0ce68dcf1a6518a09719020b0",
                "sha256:102be79c4cc47a4aeb5912401185c404cd2601c15a7163bbecff7f1bfe20b669",
                "sha256:128cbaed7ba26116820bcb992405d6a13ea18c8fca1b8c4f59906d858e91e979",
                "sha256:149b4d875ef9b12a8f5e303e86a32a58f8ef627e57ec97a7d0e4be819069d141",
                "sha256:153248f48d6f90a295a502f53ec544a3ffbd21b0bb32f5dca39c4b93a764d6a2",
                "sha256:157a023bded0618a1eea54979fe2e0f9309e9ddc818ef4b8fc3b884ff38fedd5",
                "sha256:15fa4ca658f8ad22645d3531682b17e5580832efbfa87304c3e62214c79c1e8a",
                "sha256:198067aa6f3d942ff5d0d655bb1e91b59ae85279d47590682cba2834ac1b97d2",
                "sha256:1c40e02cc4f3e18fd39344edb10eebe04bd11cfd13119606b5771e5ea51630d3",
                "sha256:1ded65691a1d3fd7d2aa89d2c91aa51f941601bb2ce099739909034d957fef4b",
                "sha256:201650b309c419143775c15209c620627de3c09a27c7fb58375325aec5cce260",
                "sha256:2143c3aed85992604d758bbe67da839fb4aab3dd2e1c6dddab5b3ca7162b34a2",
                "sha256:2177e59c033bf0d1bf7de1ced561205963583caf3242c6c700a723034bfb5f8e",
                "sha256:2ea23f1525d4f64286dbe0947c929d45c3ffe963b2dbed1d3844a2e4938bda42",
                "sha256:31264187fc934ff1024a4f56775f33c9252d3f4f3e27ec07d1995a26b52702c3",
                "sha256:36ce951800ed2acc6772fd9f42150f29d567f0423989748052fdb39d9e2b5795",
                "sha256:3aaa22487477de9618ce3b37f99fbe81219ba96f3c2ca84f576f0ab451b83aba",
                "sha256:3e7e99e2af59c56c59b6c964d612511b8203480d39d1ef83edc56f2cb42a3f5d",
                "sha256:413a30a99d8683dace3765885920ed27ab662efbb6c98d81db76c397ad1ffd71",
                "sha256:447ae1104fb32197b9262f772d565d38e834cc2e9edd89350b37b88fed636e70",
                "sha256:4659b2e4a5008715099e216050f5c6976e5a4329482664411789968b82e3f17d",
                "sha256:48ee97c7c6027fd423058675b5a39d0b5f7a1648250b671563d5c9f74ff13ff0",
                "sha256:4ba6c66fbc6015b2f99e7176fec41793cecb00c4cc357cad038dff85e6ac42ab",
                "sha256:4c8dc7331e8cbb1c0ea2bcb550adb1777365944ffd125c69aa1117fdef4887f5",
                "sha256:50e4b5d291105f7063259fe0125b1af902fb34499444d7c5c521dd8328b00939",
                "sha256:542eb246d5be31b5e0a9c8ddb9539416f9b31f58f75bd4ee328bff2b5c58d6fd",
                "sha256:55d371b9d8b0c2a68a50413a8cb01c3c3ce1ea4f768bf77b66669a9a486e101e",
                "sha256:580ccbf11f02f948add4cb641843030a89f1463d7c0740cbfc9aca91e9dc34b3",
                "sha256:5dbff9402c2bdf00bf0df9905694b3c292a3847c725651938a72f554351a5fcb",
                "sha256:5f941fb86195f97be7f6efe04a21b223f05dfe4d1dfb159999e2f8d101e44cc4",
                "sha256:608c84699b2db09c6a8743845b1a3dad36fae53eaaecb241d45b13dff74405fb",
                "sha256:626b9feb01bff049a5aec4804f0c58db12585778b4902e5376a95b01f80a7a16",
                "sha256:66f4f48a89cdd30ab3a47335df81c76e9a63799d0d84b29c0618371c66fa37b0",
                "sha256:6c8e97e19aa7b0b0d801a159f932ce4435f1049c8c38e2bb372bb5bee559ce50",
                "sha256:72407065ad459db9f3d052ea8c51e02534f02533fc61e51cbab3bd94166f086c",
                "sha256:734783dd7da58f76222f458346ddebdb3621686a1a2a667db5049caf0c9956b9",
                "sha256:76eaa4c087a061a2c8a0a92536405069878a8f530c00e84a9eaf332e70f5561f",
                "sha256:776a06cb5720556a549829896a49acebb5bdd96c7bba100191a994053546975a",
                "sha256:7839b7528faa4d134c183b1f2dd1ee4dc2ca2f899f4f0cfdf00fc04c255262a7",
                "sha256:8080467df22feca0fc9c46567001777c6fbc2b4a2683a7137420896051874ca1",
                "sha256:85060e96953647871957d41707adb8d7bff4e977042fd0deb4fc1881b98dd2fe",
                "sha256:8954b9ffe60f479a0c0ba40987db2546c735ab02a725ea7fd89342152d4d821d",
                "sha256:8a603155db408f773637f9e3a712c6e3cbc521aaa8fa2b99f9ba6106c59a2496",
                "sha256:8bd9ec1db79a664f4cbb12878693b73416f4d2cb425d3e27eccc1bdfbdc826ef",
                "sha256:8c0c324879d483504b07f7b18eb1b50567c434263bbe4866ecce33056162668a",
                "sha256:8ce729f1dc8a4a190c34b69f75377bddc004079b2963ab722ab91fafe040be6d",
                "sha256:8ec41049c90d204a6561238a9ad6c7263ebb7009d9759c98b58078d9d2fec9ba",
                "sha256:959ae04ed30cde606f3a0320f0a1f4167a107e685ef5209cce28c5080590bd31",
                "sha256:96559e05bdf938b2048353e10a7920b98f853cefe4482c2064a718d7d0a50bd7",
                "sha256:96b3759d8ab2323324e0a92b2f44834f9d88089b8d1ab6f533b61f4be3411cef",
                "sha256:97c5ffe47ccf92d8b17e10f8a5ce28d015aa1196edc3359684cf31504eae6a14",
                "sha256:9d5b925156a746dc1f5f52376fdd1fbdd3f6ffe1fcd6f5e06f77ca79abb940a3",
                "sha256:9dae4eb9b5534e09ba6c6ab496a757e5e394b7e7b08767d25ca37e8d36491114",
                "sha256:a083221b6a4ecdef38a60c95d8d3223d99449cb4da2544e9644958dc16664eb9",
                "sha256:a0ed14a4162c2c2b21a162c9fcf90057e3e7da18cd171ab344c1e1664f75090e",
                "sha256:a18aedc032d6468b73ebbe4437129cb30d54fe543cde2f23671ecad76c3aea24",
                "sha256:a451dba533be77454ebcffc85189108fc05f279100835ac76e7989edacb89156",
                "sha256:aa2ba0176037c915d8660a4e46581d645e2c22b5373e466bc8640a794d45861a",
                "sha256:ab27dd4edd84b13309f268ffcdfc07aef8339135ffab7b6d43f16884307a2a48",
                "sha256:ab784621d3e2a41916e21f13a483602cc989fd45fff637634b9231ba43d4383b",
                "sha256:b07fa9e634234e84096adfa4be3828c8f26e238679c122824b2b3d7131bec578",
                "sha256:b09209cdfcacf5eba9cf80367130532e6c02e695252e1f64d3cfcc2356e6e19f",
                "sha256:babec324e8654a59122aaa66936a9a483faa03276db9792f51332475c2dddc4a",
                "sha256:bca4428c4a957b78ded3e6e62884ab03f029dce8fa8d34818da0f80f61332b49",
                "sha256:c0467838c90435b80793cde486a318fc916ee57f2af54e4b10c72b20cbdcbaa9",
                "sha256:c2a214bf5b79bd39a9de1c991353aaaacafda83ba1374178309e92be8e67d411",
                "sha256:c3029f481b31f329b1fdb4ec4b56935d82210ddd9c6f86ea5a87c06f1e97b161",
                "sha256:c6f3fd617db422c9d4e12cb8d84c984fe07d6d9cb0950cbf117f3bccc6268d05",
                "sha256:c783e4ed68200f4e03c125690d23158b1c49c4b186d458a18debc109bbdc3c2e",
                "sha256:c8502a02ae3ae67084f5a0bf5a8253b19fa7a887f824e41e016cdb0ac532a06f",
                "sha256:c88535f83f7391cf3a45af990237e3939a6fdfbedaed2571633bfdd0bceb36b0",
                "sha256:c9ce6b83597d45bec44a2690857ede62fc98223772135f8a7fa90884eb726501",
                "sha256:ca4657e9fd0b1b5376942d403d634ce188f79064f0873aa853ab05b10185ceec",
                "sha256:d0ff8d5b13ce2357fa8b33a0a2e3775aa71df5bf7c8ba060634c9d15ab12f357",
                "sha256:d280b4bf09f719b89fd9aab3b71067acc0d0449b7d1eba99a2ade4939cef8296",
                "sha256:d3777c446bb1c5fcd82dc3f8776e1a146cd91e80cc1892f8634575ace438d22f",
                "sha256:d7833ef6f5d6cb634f296abfd93452fb3eb44c4e9a6ae95c1021eab704c1cee2",
                "sha256:d8306f27418361b788e3fca9f47dec125457f80122e7e31ba7ff5cdba98343f8",
                "sha256:d962e2e89b3a95e3597a34b8c93ced1e98958502c5b8096c9fd69deff279f561",
                "sha256:dbe428d0ac6eacaf05402adbaf137f59ad6063848182d1ff294f95ce0f24005b",
                "sha256:e4f91d702b9ce1388660b3d4a28aa552614a1399e93f718ed0dacd68f23b3d32",
                "sha256:e69acdbc132c9592c8dc393af85e38e206ca847c7019a953ff625191c3a12312",
                "sha256:e8056adcefa2dcb67e8bc91ea5eee26df66e8b297a8cd6ff0903f85c70908fa0",
                "sha256:e9ac7280bd045f472b50306d7efeee051b69e3a2dd1b90f46bd7e86e63b1efa2",
                "sha256:eb013aa01b404219f28dc973d9e6310fd4db216d7299253dd355629952e0564e",
                "sha256:ec1ccc2a9f764cd632fb8ab28fdde166250df54fc8d97315a4a6948dc5367639",
                "sha256:ef7282d8a14b60dd515e47060638687710b1d518f4b5e961caad43fb3a3606f9",
                "sha256:ef92b1fbe6aa2e7885eb90853cc016b1fc95439a8cc8da6d526880e9e2148695",
                "sha256:efb2ad60ca8637d5f9f653f9a9a8d73964059972b6b95036be77e028bffc68a3",
                "sha256:effcae2152afe7937a28376dbabb25c770ef99ed4e16a4ffeb8e6a4f7c4f06aa",
                "sha256:f2d1b58a0c3a73f0361759642e80260a6d28eee6501b40fe25b82af33ef83f21",
                "sha256:f57e2d0f8022783426121b586d7c842ea40ea832a29e28ca36c881b54c74fb28",
                "sha256:f5cae9b415ea8a6a563566dbf46650222eccc5971c7daa16fbee63aef92ae543",
                "sha256:f76c6f319e57007ad52e671ec741d801324760a377e3d4992c9bb8200333ebac",
                "sha256:f91bfc39f7a64168e08ab831fa497ec5438c1d6c6e2f9e12848d95ad11ac8523",
                "sha256:fdaee3947eaaa52dae3ceb9d9f66329e13d8bae35682b1e5dd54612938693934",
                "sha256:fe3f245c2f39a5692d9123c174bc48f6f9fe3e96407e67c6d04541a767d99e72",
                "sha256:ffae97d28ea4f2c613a751d087b75a97fb78311b38cc2e9a2f4587e473ace167"
            ],
            "markers": "python_version >= '3.9'",
            "version": "==0.22.1"
        },
        "sqlparse": {
            "hashes": [
                "sha256:9e37b35e16d1cc652a2545f0997c1deb23ea28fa1f3eefe609eee3063c3b105f",
                "sha256:e99bc85c78160918c3e1d9230834ab8d80fc06c59d03f8db2618f65f65dda55e"
            ],
            "markers": "python_version >= '3.8'",
            "version": "==0.5.2"
        },
        "uritemplate": {
            "hashes": [
                "sha256:4346edfc5c3b79f694bccd6d6099a322bbeb628dbf2cd86eea55a456ce5124f0",
                "sha256:830c08b8d99bdd312ea4ead05994a38e8936266f84b9a7878232db50b044e02e"
            ],
            "markers": "python_version >= '3.6'",
            "version": "==4.1.1"
        }
    },
    "develop": {}
}
